
Microsoft Visual Studio Solution File, Format Version 12.00
# Visual Studio Version 16
VisualStudioVersion = 16.0.29728.190
MinimumVisualStudioVersion = 10.0.40219.1
Project("{9A19103F-16F7-4668-BE54-9A1E7A4F7556}") = "Tic-Tac-Toe", "Tic-Tac-Toe\Tic-Tac-Toe.csproj", "{44DD42A8-60E6-4C18-92B5-3162BA33F67F}"
EndProject
Project("{FAE04EC0-301F-11D3-BF4B-00C04F79EFBC}") = "ClientRestSDKLibrary", "ClientRestSDKLibrary\ClientRestSDKLibrary.csproj", "{A40C24A5-74CB-491A-A49F-E8EC55E03720}"
EndProject
Project("{FAE04EC0-301F-11D3-BF4B-00C04F79EFBC}") = "RestFunctionalTests", "RestFunctionalTests\RestFunctionalTests.csproj", "{AE9695FC-598B-4628-9D9C-33BEF9729DBB}"
EndProject
Global
	GlobalSection(SolutionConfigurationPlatforms) = preSolution
		Debug|Any CPU = Debug|Any CPU
		Release|Any CPU = Release|Any CPU
	EndGlobalSection
	GlobalSection(ProjectConfigurationPlatforms) = postSolution
		{44DD42A8-60E6-4C18-92B5-3162BA33F67F}.Debug|Any CPU.ActiveCfg = Debug|Any CPU
		{44DD42A8-60E6-4C18-92B5-3162BA33F67F}.Debug|Any CPU.Build.0 = Debug|Any CPU
		{44DD42A8-60E6-4C18-92B5-3162BA33F67F}.Release|Any CPU.ActiveCfg = Release|Any CPU
		{44DD42A8-60E6-4C18-92B5-3162BA33F67F}.Release|Any CPU.Build.0 = Release|Any CPU
		{A40C24A5-74CB-491A-A49F-E8EC55E03720}.Debug|Any CPU.ActiveCfg = Debug|Any CPU
		{A40C24A5-74CB-491A-A49F-E8EC55E03720}.Debug|Any CPU.Build.0 = Debug|Any CPU
		{A40C24A5-74CB-491A-A49F-E8EC55E03720}.Release|Any CPU.ActiveCfg = Release|Any CPU
		{A40C24A5-74CB-491A-A49F-E8EC55E03720}.Release|Any CPU.Build.0 = Release|Any CPU
		{AE9695FC-598B-4628-9D9C-33BEF9729DBB}.Debug|Any CPU.ActiveCfg = Debug|Any CPU
		{AE9695FC-598B-4628-9D9C-33BEF9729DBB}.Debug|Any CPU.Build.0 = Debug|Any CPU
		{AE9695FC-598B-4628-9D9C-33BEF9729DBB}.Release|Any CPU.ActiveCfg = Release|Any CPU
		{AE9695FC-598B-4628-9D9C-33BEF9729DBB}.Release|Any CPU.Build.0 = Release|Any CPU
	EndGlobalSection
	GlobalSection(SolutionProperties) = preSolution
		HideSolutionNode = FALSE
	EndGlobalSection
	GlobalSection(ExtensibilityGlobals) = postSolution
		SolutionGuid = {E25052A2-1D64-4A6C-9D15-D379C68C0381}
	EndGlobalSection
EndGlobal
